// !$*UTF8*$!
{
	archiveVersion = 1;
	classes = {
	};
	objectVersion = 55;
	objects = {

/* Begin PBXBuildFile section */
		7102A6E527E0FF3500C63162 /* AppDelegate.swift in Sources */ = {isa = PBXBuildFile; fileRef = 7102A6E427E0FF3500C63162 /* AppDelegate.swift */; };
		7102A6E727E0FF3500C63162 /* SceneDelegate.swift in Sources */ = {isa = PBXBuildFile; fileRef = 7102A6E627E0FF3500C63162 /* SceneDelegate.swift */; };
		7102A6E927E0FF3500C63162 /* ViewController.swift in Sources */ = {isa = PBXBuildFile; fileRef = 7102A6E827E0FF3500C63162 /* ViewController.swift */; };
		7102A6EC27E0FF3500C63162 /* Main.storyboard in Resources */ = {isa = PBXBuildFile; fileRef = 7102A6EA27E0FF3500C63162 /* Main.storyboard */; };
		7102A6EE27E0FF3800C63162 /* Assets.xcassets in Resources */ = {isa = PBXBuildFile; fileRef = 7102A6ED27E0FF3800C63162 /* Assets.xcassets */; };
		7102A6F127E0FF3800C63162 /* LaunchScreen.storyboard in Resources */ = {isa = PBXBuildFile; fileRef = 7102A6EF27E0FF3800C63162 /* LaunchScreen.storyboard */; };
		7102A6F927E102C100C63162 /* TaskCellVC.swift in Sources */ = {isa = PBXBuildFile; fileRef = 7102A6F827E102C100C63162 /* TaskCellVC.swift */; };
		7102A6FB27E2019100C63162 /* TaskViewController.swift in Sources */ = {isa = PBXBuildFile; fileRef = 7102A6FA27E2019100C63162 /* TaskViewController.swift */; };
		7102A70027E2077400C63162 /* DataModel.xcdatamodeld in Sources */ = {isa = PBXBuildFile; fileRef = 7102A6FE27E2077400C63162 /* DataModel.xcdatamodeld */; };
		71181F0A27E7712D00ADCF9C /* EditTaskViewController.swift in Sources */ = {isa = PBXBuildFile; fileRef = 71181F0927E7712D00ADCF9C /* EditTaskViewController.swift */; };
/* End PBXBuildFile section */

/* Begin PBXFileReference section */
		7102A6E127E0FF3500C63162 /* ToDo.app */ = {isa = PBXFileReference; explicitFileType = wrapper.application; includeInIndex = 0; path = ToDo.app; sourceTree = BUILT_PRODUCTS_DIR; };
		7102A6E427E0FF3500C63162 /* AppDelegate.swift */ = {isa = PBXFileReference; lastKnownFileType = sourcecode.swift; path = AppDelegate.swift; sourceTree = "<group>"; };
		7102A6E627E0FF3500C63162 /* SceneDelegate.swift */ = {isa = PBXFileReference; lastKnownFileType = sourcecode.swift; path = SceneDelegate.swift; sourceTree = "<group>"; };
		7102A6E827E0FF3500C63162 /* ViewController.swift */ = {isa = PBXFileReference; lastKnownFileType = sourcecode.swift; path = ViewController.swift; sourceTree = "<group>"; };
		7102A6EB27E0FF3500C63162 /* Base */ = {isa = PBXFileReference; lastKnownFileType = file.storyboard; name = Base; path = Base.lproj/Main.storyboard; sourceTree = "<group>"; };
		7102A6ED27E0FF3800C63162 /* Assets.xcassets */ = {isa = PBXFileReference; lastKnownFileType = folder.assetcatalog; path = Assets.xcassets; sourceTree = "<group>"; };
		7102A6F027E0FF3800C63162 /* Base */ = {isa = PBXFileReference; lastKnownFileType = file.storyboard; name = Base; path = Base.lproj/LaunchScreen.storyboard; sourceTree = "<group>"; };
		7102A6F227E0FF3800C63162 /* Info.plist */ = {isa = PBXFileReference; lastKnownFileType = text.plist.xml; path = Info.plist; sourceTree = "<group>"; };
		7102A6F827E102C100C63162 /* TaskCellVC.swift */ = {isa = PBXFileReference; lastKnownFileType = sourcecode.swift; path = TaskCellVC.swift; sourceTree = "<group>"; };
		7102A6FA27E2019100C63162 /* TaskViewController.swift */ = {isa = PBXFileReference; lastKnownFileType = sourcecode.swift; path = TaskViewController.swift; sourceTree = "<group>"; };
		7102A6FF27E2077400C63162 /* DataModel.xcdatamodel */ = {isa = PBXFileReference; lastKnownFileType = wrapper.xcdatamodel; path = DataModel.xcdatamodel; sourceTree = "<group>"; };
		71181F0927E7712D00ADCF9C /* EditTaskViewController.swift */ = {isa = PBXFileReference; lastKnownFileType = sourcecode.swift; path = EditTaskViewController.swift; sourceTree = "<group>"; };
/* End PBXFileReference section */

/* Begin PBXFrameworksBuildPhase section */
		7102A6DE27E0FF3500C63162 /* Frameworks */ = {
			isa = PBXFrameworksBuildPhase;
			buildActionMask = 2147483647;
			files = (
			);
			runOnlyForDeploymentPostprocessing = 0;
		};
/* End PBXFrameworksBuildPhase section */

/* Begin PBXGroup section */
		7102A6D827E0FF3500C63162 = {
			isa = PBXGroup;
			children = (
				7102A6E327E0FF3500C63162 /* ToDo */,
				7102A6E227E0FF3500C63162 /* Products */,
			);
			sourceTree = "<group>";
		};
		7102A6E227E0FF3500C63162 /* Products */ = {
			isa = PBXGroup;
			children = (
				7102A6E127E0FF3500C63162 /* ToDo.app */,
			);
			name = Products;
			sourceTree = "<group>";
		};
		7102A6E327E0FF3500C63162 /* ToDo */ = {
			isa = PBXGroup;
			children = (
				7102A6E427E0FF3500C63162 /* AppDelegate.swift */,
				7102A6E627E0FF3500C63162 /* SceneDelegate.swift */,
				7102A6FC27E201AE00C63162 /* Controllers */,
				71181F0827E7543300ADCF9C /* Data Model */,
				7102A6FD27E201BE00C63162 /* Views */,
				7102A6ED27E0FF3800C63162 /* Assets.xcassets */,
				7102A6EF27E0FF3800C63162 /* LaunchScreen.storyboard */,
				7102A6F227E0FF3800C63162 /* Info.plist */,
			);
			path = ToDo;
			sourceTree = "<group>";
		};
		7102A6FC27E201AE00C63162 /* Controllers */ = {
			isa = PBXGroup;
			children = (
				7102A6E827E0FF3500C63162 /* ViewController.swift */,
				7102A6FA27E2019100C63162 /* TaskViewController.swift */,
				7102A6F827E102C100C63162 /* TaskCellVC.swift */,
				71181F0927E7712D00ADCF9C /* EditTaskViewController.swift */,
			);
			path = Controllers;
			sourceTree = "<group>";
		};
		7102A6FD27E201BE00C63162 /* Views */ = {
			isa = PBXGroup;
			children = (
				7102A6EA27E0FF3500C63162 /* Main.storyboard */,
			);
			path = Views;
			sourceTree = "<group>";
		};
		71181F0827E7543300ADCF9C /* Data Model */ = {
			isa = PBXGroup;
			children = (
				7102A6FE27E2077400C63162 /* DataModel.xcdatamodeld */,
			);
			path = "Data Model";
			sourceTree = "<group>";
		};
/* End PBXGroup section */

/* Begin PBXNativeTarget section */
		7102A6E027E0FF3500C63162 /* ToDo */ = {
			isa = PBXNativeTarget;
			buildConfigurationList = 7102A6F527E0FF3800C63162 /* Build configuration list for PBXNativeTarget "ToDo" */;
			buildPhases = (
				7102A6DD27E0FF3500C63162 /* Sources */,
				7102A6DE27E0FF3500C63162 /* Frameworks */,
				7102A6DF27E0FF3500C63162 /* Resources */,
			);
			buildRules = (
			);
			dependencies = (
			);
			name = ToDo;
			productName = ToDo;
			productReference = 7102A6E127E0FF3500C63162 /* ToDo.app */;
			productType = "com.apple.product-type.application";
		};
/* End PBXNativeTarget section */

/* Begin PBXProject section */
		7102A6D927E0FF3500C63162 /* Project object */ = {
			isa = PBXProject;
			attributes = {
				BuildIndependentTargetsInParallel = 1;
				LastSwiftUpdateCheck = 1320;
				LastUpgradeCheck = 1320;
				TargetAttributes = {
					7102A6E027E0FF3500C63162 = {
						CreatedOnToolsVersion = 13.2.1;
					};
				};
			};
			buildConfigurationList = 7102A6DC27E0FF3500C63162 /* Build configuration list for PBXProject "ToDo" */;
			compatibilityVersion = "Xcode 13.0";
			developmentRegion = en;
			hasScannedForEncodings = 0;
			knownRegions = (
				en,
				Base,
			);
			mainGroup = 7102A6D827E0FF3500C63162;
			productRefGroup = 7102A6E227E0FF3500C63162 /* Products */;
			projectDirPath = "";
			projectRoot = "";
			targets = (
				7102A6E027E0FF3500C63162 /* ToDo */,
			);
		};
/* End PBXProject section */

/* Begin PBXResourcesBuildPhase section */
		7102A6DF27E0FF3500C63162 /* Resources */ = {
			isa = PBXResourcesBuildPhase;
			buildActionMask = 2147483647;
			files = (
				7102A6F127E0FF3800C63162 /* LaunchScreen.storyboard in Resources */,
				7102A6EE27E0FF3800C63162 /* Assets.xcassets in Resources */,
				7102A6EC27E0FF3500C63162 /* Main.storyboard in Resources */,
			);
			runOnlyForDeploymentPostprocessing = 0;
		};
/* End PBXResourcesBuildPhase section */

/* Begin PBXSourcesBuildPhase section */
		7102A6DD27E0FF3500C63162 /* Sources */ = {
			isa = PBXSourcesBuildPhase;
			buildActionMask = 2147483647;
			files = (
				7102A6E927E0FF3500C63162 /* ViewController.swift in Sources */,
				7102A6E527E0FF3500C63162 /* AppDelegate.swift in Sources */,
				7102A6FB27E2019100C63162 /* TaskViewController.swift in Sources */,
				7102A70027E2077400C63162 /* DataModel.xcdatamodeld in Sources */,
				7102A6E727E0FF3500C63162 /* SceneDelegate.swift in Sources */,
				71181F0A27E7712D00ADCF9C /* EditTaskViewController.swift in Sources */,
				7102A6F927E102C100C63162 /* TaskCellVC.swift in Sources */,
			);
			runOnlyForDeploymentPostprocessing = 0;
		};
/* End PBXSourcesBuildPhase section */

/* Begin PBXVariantGroup section */
		7102A6EA27E0FF3500C63162 /* Main.storyboard */ = {
			isa = PBXVariantGroup;
			children = (
				7102A6EB27E0FF3500C63162 /* Base */,
			);
			name = Main.storyboard;
			sourceTree = "<group>";
		};
		7102A6EF27E0FF3800C63162 /* LaunchScreen.storyboard */ = {
			isa = PBXVariantGroup;
			children = (
				7102A6F027E0FF3800C63162 /* Base */,
			);
			name = LaunchScreen.storyboard;
			sourceTree = "<group>";
		};
/* End PBXVariantGroup section */

/* Begin XCBuildConfiguration section */
		7102A6F327E0FF3800C63162 /* Debug */ = {
			isa = XCBuildConfiguration;
			buildSettings = {
				ALWAYS_SEARCH_USER_PATHS = NO;
				CLANG_ANALYZER_NONNULL = YES;
				CLANG_ANALYZER_NUMBER_OBJECT_CONVERSION = YES_AGGRESSIVE;
				CLANG_CXX_LANGUAGE_STANDARD = "gnu++17";
				CLANG_CXX_LIBRARY = "libc++";
				CLANG_ENABLE_MODULES = YES;
				CLANG_ENABLE_OBJC_ARC = YES;
				CLANG_ENABLE_OBJC_WEAK = YES;
				CLANG_WARN_BLOCK_CAPTURE_AUTORELEASING = YES;
				CLANG_WARN_BOOL_CONVERSION = YES;
				CLANG_WARN_COMMA = YES;
				CLANG_WARN_CONSTANT_CONVERSION = YES;
				CLANG_WARN_DEPRECATED_OBJC_IMPLEMENTATIONS = YES;
				CLANG_WARN_DIRECT_OBJC_ISA_USAGE = YES_ERROR;
				CLANG_WARN_DOCUMENTATION_COMMENTS = YES;
				CLANG_WARN_EMPTY_BODY = YES;
				CLANG_WARN_ENUM_CONVERSION = YES;
				CLANG_WARN_INFINITE_RECURSION = YES;
				CLANG_WARN_INT_CONVERSION = YES;
				CLANG_WARN_NON_LITERAL_NULL_CONVERSION = YES;
				CLANG_WARN_OBJC_IMPLICIT_RETAIN_SELF = YES;
				CLANG_WARN_OBJC_LITERAL_CONVERSION = YES;
				CLANG_WARN_OBJC_ROOT_CLASS = YES_ERROR;
				CLANG_WARN_QUOTED_INCLUDE_IN_FRAMEWORK_HEADER = YES;
				CLANG_WARN_RANGE_LOOP_ANALYSIS = YES;
				CLANG_WARN_STRICT_PROTOTYPES = YES;
				CLANG_WARN_SUSPICIOUS_MOVE = YES;
				CLANG_WARN_UNGUARDED_AVAILABILITY = YES_AGGRESSIVE;
				CLANG_WARN_UNREACHABLE_CODE = YES;
				CLANG_WARN__DUPLICATE_METHOD_MATCH = YES;
				COPY_PHASE_STRIP = NO;
				DEBUG_INFORMATION_FORMAT = dwarf;
				ENABLE_STRICT_OBJC_MSGSEND = YES;
				ENABLE_TESTABILITY = YES;
				GCC_C_LANGUAGE_STANDARD = gnu11;
				GCC_DYNAMIC_NO_PIC = NO;
				GCC_NO_COMMON_BLOCKS = YES;
				GCC_OPTIMIZATION_LEVEL = 0;
				GCC_PREPROCESSOR_DEFINITIONS = (
					"DEBUG=1",
					"$(inherited)",
				);
				GCC_WARN_64_TO_32_BIT_CONVERSION = YES;
				GCC_WARN_ABOUT_RETURN_TYPE = YES_ERROR;
				GCC_WARN_UNDECLARED_SELECTOR = YES;
				GCC_WARN_UNINITIALIZED_AUTOS = YES_AGGRESSIVE;
				GCC_WARN_UNUSED_FUNCTION = YES;
				GCC_WARN_UNUSED_VARIABLE = YES;
				IPHONEOS_DEPLOYMENT_TARGET = 15.2;
				MTL_ENABLE_DEBUG_INFO = INCLUDE_SOURCE;
				MTL_FAST_MATH = YES;
				ONLY_ACTIVE_ARCH = YES;
				SDKROOT = iphoneos;
				SWIFT_ACTIVE_COMPILATION_CONDITIONS = DEBUG;
				SWIFT_OPTIMIZATION_LEVEL = "-Onone";
			};
			name = Debug;
		};
		7102A6F427E0FF3800C63162 /* Release */ = {
			isa = XCBuildConfiguration;
			buildSettings = {
				ALWAYS_SEARCH_USER_PATHS = NO;
				CLANG_ANALYZER_NONNULL = YES;
				CLANG_ANALYZER_NUMBER_OBJECT_CONVERSION = YES_AGGRESSIVE;
				CLANG_CXX_LANGUAGE_STANDARD = "gnu++17";
				CLANG_CXX_LIBRARY = "libc++";
				CLANG_ENABLE_MODULES = YES;
				CLANG_ENABLE_OBJC_ARC = YES;
				CLANG_ENABLE_OBJC_WEAK = YES;
				CLANG_WARN_BLOCK_CAPTURE_AUTORELEASING = YES;
				CLANG_WARN_BOOL_CONVERSION = YES;
				CLANG_WARN_COMMA = YES;
				CLANG_WARN_CONSTANT_CONVERSION = YES;
				CLANG_WARN_DEPRECATED_OBJC_IMPLEMENTATIONS = YES;
				CLANG_WARN_DIRECT_OBJC_ISA_USAGE = YES_ERROR;
				CLANG_WARN_DOCUMENTATION_COMMENTS = YES;
				CLANG_WARN_EMPTY_BODY = YES;
				CLANG_WARN_ENUM_CONVERSION = YES;
				CLANG_WARN_INFINITE_RECURSION = YES;
				CLANG_WARN_INT_CONVERSION = YES;
				CLANG_WARN_NON_LITERAL_NULL_CONVERSION = YES;
				CLANG_WARN_OBJC_IMPLICIT_RETAIN_SELF = YES;
				CLANG_WARN_OBJC_LITERAL_CONVERSION = YES;
				CLANG_WARN_OBJC_ROOT_CLASS = YES_ERROR;
				CLANG_WARN_QUOTED_INCLUDE_IN_FRAMEWORK_HEADER = YES;
				CLANG_WARN_RANGE_LOOP_ANALYSIS = YES;
				CLANG_WARN_STRICT_PROTOTYPES = YES;
				CLANG_WARN_SUSPICIOUS_MOVE = YES;
				CLANG_WARN_UNGUARDED_AVAILABILITY = YES_AGGRESSIVE;
				CLANG_WARN_UNREACHABLE_CODE = YES;
				CLANG_WARN__DUPLICATE_METHOD_MATCH = YES;
				COPY_PHASE_STRIP = NO;
				DEBUG_INFORMATION_FORMAT = "dwarf-with-dsym";
				ENABLE_NS_ASSERTIONS = NO;
				ENABLE_STRICT_OBJC_MSGSEND = YES;
				GCC_C_LANGUAGE_STANDARD = gnu11;
				GCC_NO_COMMON_BLOCKS = YES;
				GCC_WARN_64_TO_32_BIT_CONVERSION = YES;
				GCC_WARN_ABOUT_RETURN_TYPE = YES_ERROR;
				GCC_WARN_UNDECLARED_SELECTOR = YES;
				GCC_WARN_UNINITIALIZED_AUTOS = YES_AGGRESSIVE;
				GCC_WARN_UNUSED_FUNCTION = YES;
				GCC_WARN_UNUSED_VARIABLE = YES;
				IPHONEOS_DEPLOYMENT_TARGET = 15.2;
				MTL_ENABLE_DEBUG_INFO = NO;
				MTL_FAST_MATH = YES;
				SDKROOT = iphoneos;
				SWIFT_COMPILATION_MODE = wholemodule;
				SWIFT_OPTIMIZATION_LEVEL = "-O";
				VALIDATE_PRODUCT = YES;
			};
			name = Release;
		};
		7102A6F627E0FF3800C63162 /* Debug */ = {
			isa = XCBuildConfiguration;
			buildSettings = {
				ASSETCATALOG_COMPILER_APPICON_NAME = AppIcon;
				ASSETCATALOG_COMPILER_GLOBAL_ACCENT_COLOR_NAME = AccentColor;
				CODE_SIGN_STYLE = Automatic;
				CURRENT_PROJECT_VERSION = 1;
				DEVELOPMENT_TEAM = H66RHP5U25;
				GENERATE_INFOPLIST_FILE = YES;
				INFOPLIST_FILE = ToDo/Info.plist;
				INFOPLIST_KEY_UIApplicationSupportsIndirectInputEvents = YES;
				INFOPLIST_KEY_UILaunchStoryboardName = LaunchScreen;
				INFOPLIST_KEY_UIMainStoryboardFile = Main;
				INFOPLIST_KEY_UISupportedInterfaceOrientations = UIInterfaceOrientationPortrait;
				INFOPLIST_KEY_UISupportedInterfaceOrientations_iPad = "UIInterfaceOrientationPortrait UIInterfaceOrientationPortraitUpsideDown UIInterfaceOrientationLandscapeLeft UIInterfaceOrientationLandscapeRight";
				INFOPLIST_KEY_UISupportedInterfaceOrientations_iPhone = "UIInterfaceOrientationPortrait UIInterfaceOrientationLandscapeLeft UIInterfaceOrientationLandscapeRight";
				LD_RUNPATH_SEARCH_PATHS = (
					"$(inherited)",
					"@executable_path/Frameworks",
				);
				MARKETING_VERSION = 1.0;
				PRODUCT_BUNDLE_IDENTIFIER = com.japaca.ToDo;
				PRODUCT_NAME = "$(TARGET_NAME)";
				SWIFT_EMIT_LOC_STRINGS = YES;
				SWIFT_VERSION = 5.0;
				TARGETED_DEVICE_FAMILY = "1,2";
			};
			name = Debug;
		};
		7102A6F727E0FF3800C63162 /* Release */ = {
			isa = XCBuildConfiguration;
			buildSettings = {
				ASSETCATALOG_COMPILER_APPICON_NAME = AppIcon;
				ASSETCATALOG_COMPILER_GLOBAL_ACCENT_COLOR_NAME = AccentColor;
				CODE_SIGN_STYLE = Automatic;
				CURRENT_PROJECT_VERSION = 1;
				DEVELOPMENT_TEAM = H66RHP5U25;
				GENERATE_INFOPLIST_FILE = YES;
				INFOPLIST_FILE = ToDo/Info.plist;
				INFOPLIST_KEY_UIApplicationSupportsIndirectInputEvents = YES;
				INFOPLIST_KEY_UILaunchStoryboardName = LaunchScreen;
				INFOPLIST_KEY_UIMainStoryboardFile = Main;
				INFOPLIST_KEY_UISupportedInterfaceOrientations = UIInterfaceOrientationPortrait;
				INFOPLIST_KEY_UISupportedInterfaceOrientations_iPad = "UIInterfaceOrientationPortrait UIInterfaceOrientationPortraitUpsideDown UIInterfaceOrientationLandscapeLeft UIInterfaceOrientationLandscapeRight";
				INFOPLIST_KEY_UISupportedInterfaceOrientations_iPhone = "UIInterfaceOrientationPortrait UIInterfaceOrientationLandscapeLeft UIInterfaceOrientationLandscapeRight";
				LD_RUNPATH_SEARCH_PATHS = (
					"$(inherited)",
					"@executable_path/Frameworks",
				);
				MARKETING_VERSION = 1.0;
				PRODUCT_BUNDLE_IDENTIFIER = com.japaca.ToDo;
				PRODUCT_NAME = "$(TARGET_NAME)";
				SWIFT_EMIT_LOC_STRINGS = YES;
				SWIFT_VERSION = 5.0;
				TARGETED_DEVICE_FAMILY = "1,2";
			};
			name = Release;
		};
/* End XCBuildConfiguration section */

/* Begin XCConfigurationList section */
		7102A6DC27E0FF3500C63162 /* Build configuration list for PBXProject "ToDo" */ = {
			isa = XCConfigurationList;
			buildConfigurations = (
				7102A6F327E0FF3800C63162 /* Debug */,
				7102A6F427E0FF3800C63162 /* Release */,
			);
			defaultConfigurationIsVisible = 0;
			defaultConfigurationName = Release;
		};
		7102A6F527E0FF3800C63162 /* Build configuration list for PBXNativeTarget "ToDo" */ = {
			isa = XCConfigurationList;
			buildConfigurations = (
				7102A6F627E0FF3800C63162 /* Debug */,
				7102A6F727E0FF3800C63162 /* Release */,
			);
			defaultConfigurationIsVisible = 0;
			defaultConfigurationName = Release;
		};
/* End XCConfigurationList section */

/* Begin XCVersionGroup section */
		7102A6FE27E2077400C63162 /* DataModel.xcdatamodeld */ = {
			isa = XCVersionGroup;
			children = (
				7102A6FF27E2077400C63162 /* DataModel.xcdatamodel */,
			);
			currentVersion = 7102A6FF27E2077400C63162 /* DataModel.xcdatamodel */;
			path = DataModel.xcdatamodeld;
			sourceTree = "<group>";
			versionGroupType = wrapper.xcdatamodel;
		};
/* End XCVersionGroup section */
	};
	rootObject = 7102A6D927E0FF3500C63162 /* Project object */;
}
