// !$*UTF8*$!
{
	archiveVersion = 1;
	classes = {
	};
	objectVersion = 55;
	objects = {

/* Begin PBXBuildFile section */
		714BAFF627CE609900269A80 /* AppDelegate.swift in Sources */ = {isa = PBXBuildFile; fileRef = 714BAFF527CE609900269A80 /* AppDelegate.swift */; };
		714BAFF827CE609900269A80 /* SceneDelegate.swift in Sources */ = {isa = PBXBuildFile; fileRef = 714BAFF727CE609900269A80 /* SceneDelegate.swift */; };
		714BAFFA27CE609900269A80 /* ViewController.swift in Sources */ = {isa = PBXBuildFile; fileRef = 714BAFF927CE609900269A80 /* ViewController.swift */; };
		714BAFFD27CE609900269A80 /* Main.storyboard in Resources */ = {isa = PBXBuildFile; fileRef = 714BAFFB27CE609900269A80 /* Main.storyboard */; };
		714BAFFF27CE609A00269A80 /* Assets.xcassets in Resources */ = {isa = PBXBuildFile; fileRef = 714BAFFE27CE609A00269A80 /* Assets.xcassets */; };
		716C452727CEA4F60008922A /* CoinManager.swift in Sources */ = {isa = PBXBuildFile; fileRef = 716C452627CEA4F60008922A /* CoinManager.swift */; };
		716C452C27CEB0430008922A /* CoinData.swift in Sources */ = {isa = PBXBuildFile; fileRef = 716C452B27CEB0430008922A /* CoinData.swift */; };
		716C452E27CEBD400008922A /* PairsViewController.swift in Sources */ = {isa = PBXBuildFile; fileRef = 716C452D27CEBD400008922A /* PairsViewController.swift */; };
		716C453027CEE91A0008922A /* LaunchScreen.storyboard in Resources */ = {isa = PBXBuildFile; fileRef = 716C452F27CEE91A0008922A /* LaunchScreen.storyboard */; };
/* End PBXBuildFile section */

/* Begin PBXFileReference section */
		714BAFF227CE609900269A80 /* CryptoRates.app */ = {isa = PBXFileReference; explicitFileType = wrapper.application; includeInIndex = 0; path = CryptoRates.app; sourceTree = BUILT_PRODUCTS_DIR; };
		714BAFF527CE609900269A80 /* AppDelegate.swift */ = {isa = PBXFileReference; lastKnownFileType = sourcecode.swift; path = AppDelegate.swift; sourceTree = "<group>"; };
		714BAFF727CE609900269A80 /* SceneDelegate.swift */ = {isa = PBXFileReference; lastKnownFileType = sourcecode.swift; path = SceneDelegate.swift; sourceTree = "<group>"; };
		714BAFF927CE609900269A80 /* ViewController.swift */ = {isa = PBXFileReference; lastKnownFileType = sourcecode.swift; path = ViewController.swift; sourceTree = "<group>"; };
		714BAFFC27CE609900269A80 /* Base */ = {isa = PBXFileReference; lastKnownFileType = file.storyboard; name = Base; path = Base.lproj/Main.storyboard; sourceTree = "<group>"; };
		714BAFFE27CE609A00269A80 /* Assets.xcassets */ = {isa = PBXFileReference; lastKnownFileType = folder.assetcatalog; path = Assets.xcassets; sourceTree = "<group>"; };
		714BB00327CE609A00269A80 /* Info.plist */ = {isa = PBXFileReference; lastKnownFileType = text.plist.xml; path = Info.plist; sourceTree = "<group>"; };
		716C452627CEA4F60008922A /* CoinManager.swift */ = {isa = PBXFileReference; lastKnownFileType = sourcecode.swift; path = CoinManager.swift; sourceTree = "<group>"; };
		716C452B27CEB0430008922A /* CoinData.swift */ = {isa = PBXFileReference; lastKnownFileType = sourcecode.swift; path = CoinData.swift; sourceTree = "<group>"; };
		716C452D27CEBD400008922A /* PairsViewController.swift */ = {isa = PBXFileReference; lastKnownFileType = sourcecode.swift; path = PairsViewController.swift; sourceTree = "<group>"; };
		716C452F27CEE91A0008922A /* LaunchScreen.storyboard */ = {isa = PBXFileReference; fileEncoding = 4; lastKnownFileType = file.storyboard; path = LaunchScreen.storyboard; sourceTree = "<group>"; };
/* End PBXFileReference section */

/* Begin PBXFrameworksBuildPhase section */
		714BAFEF27CE609900269A80 /* Frameworks */ = {
			isa = PBXFrameworksBuildPhase;
			buildActionMask = 2147483647;
			files = (
			);
			runOnlyForDeploymentPostprocessing = 0;
		};
/* End PBXFrameworksBuildPhase section */

/* Begin PBXGroup section */
		714BAFE927CE609900269A80 = {
			isa = PBXGroup;
			children = (
				714BAFF427CE609900269A80 /* CryptoRates */,
				714BAFF327CE609900269A80 /* Products */,
			);
			sourceTree = "<group>";
		};
		714BAFF327CE609900269A80 /* Products */ = {
			isa = PBXGroup;
			children = (
				714BAFF227CE609900269A80 /* CryptoRates.app */,
			);
			name = Products;
			sourceTree = "<group>";
		};
		714BAFF427CE609900269A80 /* CryptoRates */ = {
			isa = PBXGroup;
			children = (
				714BAFF527CE609900269A80 /* AppDelegate.swift */,
				714BAFF727CE609900269A80 /* SceneDelegate.swift */,
				716C452927CEA5260008922A /* Model */,
				716C452A27CEA5310008922A /* View */,
				716C452827CEA50C0008922A /* Controller */,
				714BAFFE27CE609A00269A80 /* Assets.xcassets */,
				714BB00327CE609A00269A80 /* Info.plist */,
			);
			path = CryptoRates;
			sourceTree = "<group>";
		};
		716C452827CEA50C0008922A /* Controller */ = {
			isa = PBXGroup;
			children = (
				714BAFF927CE609900269A80 /* ViewController.swift */,
				716C452D27CEBD400008922A /* PairsViewController.swift */,
				716C452F27CEE91A0008922A /* LaunchScreen.storyboard */,
			);
			name = Controller;
			sourceTree = "<group>";
		};
		716C452927CEA5260008922A /* Model */ = {
			isa = PBXGroup;
			children = (
				716C452627CEA4F60008922A /* CoinManager.swift */,
				716C452B27CEB0430008922A /* CoinData.swift */,
			);
			name = Model;
			sourceTree = "<group>";
		};
		716C452A27CEA5310008922A /* View */ = {
			isa = PBXGroup;
			children = (
				714BAFFB27CE609900269A80 /* Main.storyboard */,
			);
			name = View;
			sourceTree = "<group>";
		};
/* End PBXGroup section */

/* Begin PBXNativeTarget section */
		714BAFF127CE609900269A80 /* CryptoRates */ = {
			isa = PBXNativeTarget;
			buildConfigurationList = 714BB00627CE609A00269A80 /* Build configuration list for PBXNativeTarget "CryptoRates" */;
			buildPhases = (
				714BAFEE27CE609900269A80 /* Sources */,
				714BAFEF27CE609900269A80 /* Frameworks */,
				714BAFF027CE609900269A80 /* Resources */,
			);
			buildRules = (
			);
			dependencies = (
			);
			name = CryptoRates;
			productName = CryptoRates;
			productReference = 714BAFF227CE609900269A80 /* CryptoRates.app */;
			productType = "com.apple.product-type.application";
		};
/* End PBXNativeTarget section */

/* Begin PBXProject section */
		714BAFEA27CE609900269A80 /* Project object */ = {
			isa = PBXProject;
			attributes = {
				BuildIndependentTargetsInParallel = 1;
				LastSwiftUpdateCheck = 1320;
				LastUpgradeCheck = 1320;
				TargetAttributes = {
					714BAFF127CE609900269A80 = {
						CreatedOnToolsVersion = 13.2.1;
					};
				};
			};
			buildConfigurationList = 714BAFED27CE609900269A80 /* Build configuration list for PBXProject "CryptoRates" */;
			compatibilityVersion = "Xcode 13.0";
			developmentRegion = en;
			hasScannedForEncodings = 0;
			knownRegions = (
				en,
				Base,
			);
			mainGroup = 714BAFE927CE609900269A80;
			productRefGroup = 714BAFF327CE609900269A80 /* Products */;
			projectDirPath = "";
			projectRoot = "";
			targets = (
				714BAFF127CE609900269A80 /* CryptoRates */,
			);
		};
/* End PBXProject section */

/* Begin PBXResourcesBuildPhase section */
		714BAFF027CE609900269A80 /* Resources */ = {
			isa = PBXResourcesBuildPhase;
			buildActionMask = 2147483647;
			files = (
				716C453027CEE91A0008922A /* LaunchScreen.storyboard in Resources */,
				714BAFFF27CE609A00269A80 /* Assets.xcassets in Resources */,
				714BAFFD27CE609900269A80 /* Main.storyboard in Resources */,
			);
			runOnlyForDeploymentPostprocessing = 0;
		};
/* End PBXResourcesBuildPhase section */

/* Begin PBXSourcesBuildPhase section */
		714BAFEE27CE609900269A80 /* Sources */ = {
			isa = PBXSourcesBuildPhase;
			buildActionMask = 2147483647;
			files = (
				716C452727CEA4F60008922A /* CoinManager.swift in Sources */,
				714BAFFA27CE609900269A80 /* ViewController.swift in Sources */,
				716C452C27CEB0430008922A /* CoinData.swift in Sources */,
				714BAFF627CE609900269A80 /* AppDelegate.swift in Sources */,
				716C452E27CEBD400008922A /* PairsViewController.swift in Sources */,
				714BAFF827CE609900269A80 /* SceneDelegate.swift in Sources */,
			);
			runOnlyForDeploymentPostprocessing = 0;
		};
/* End PBXSourcesBuildPhase section */

/* Begin PBXVariantGroup section */
		714BAFFB27CE609900269A80 /* Main.storyboard */ = {
			isa = PBXVariantGroup;
			children = (
				714BAFFC27CE609900269A80 /* Base */,
			);
			name = Main.storyboard;
			sourceTree = "<group>";
		};
/* End PBXVariantGroup section */

/* Begin XCBuildConfiguration section */
		714BB00427CE609A00269A80 /* Debug */ = {
			isa = XCBuildConfiguration;
			buildSettings = {
				ALWAYS_SEARCH_USER_PATHS = NO;
				CLANG_ANALYZER_NONNULL = YES;
				CLANG_ANALYZER_NUMBER_OBJECT_CONVERSION = YES_AGGRESSIVE;
				CLANG_CXX_LANGUAGE_STANDARD = "gnu++17";
				CLANG_CXX_LIBRARY = "libc++";
				CLANG_ENABLE_MODULES = YES;
				CLANG_ENABLE_OBJC_ARC = YES;
				CLANG_ENABLE_OBJC_WEAK = YES;
				CLANG_WARN_BLOCK_CAPTURE_AUTORELEASING = YES;
				CLANG_WARN_BOOL_CONVERSION = YES;
				CLANG_WARN_COMMA = YES;
				CLANG_WARN_CONSTANT_CONVERSION = YES;
				CLANG_WARN_DEPRECATED_OBJC_IMPLEMENTATIONS = YES;
				CLANG_WARN_DIRECT_OBJC_ISA_USAGE = YES_ERROR;
				CLANG_WARN_DOCUMENTATION_COMMENTS = YES;
				CLANG_WARN_EMPTY_BODY = YES;
				CLANG_WARN_ENUM_CONVERSION = YES;
				CLANG_WARN_INFINITE_RECURSION = YES;
				CLANG_WARN_INT_CONVERSION = YES;
				CLANG_WARN_NON_LITERAL_NULL_CONVERSION = YES;
				CLANG_WARN_OBJC_IMPLICIT_RETAIN_SELF = YES;
				CLANG_WARN_OBJC_LITERAL_CONVERSION = YES;
				CLANG_WARN_OBJC_ROOT_CLASS = YES_ERROR;
				CLANG_WARN_QUOTED_INCLUDE_IN_FRAMEWORK_HEADER = YES;
				CLANG_WARN_RANGE_LOOP_ANALYSIS = YES;
				CLANG_WARN_STRICT_PROTOTYPES = YES;
				CLANG_WARN_SUSPICIOUS_MOVE = YES;
				CLANG_WARN_UNGUARDED_AVAILABILITY = YES_AGGRESSIVE;
				CLANG_WARN_UNREACHABLE_CODE = YES;
				CLANG_WARN__DUPLICATE_METHOD_MATCH = YES;
				COPY_PHASE_STRIP = NO;
				DEBUG_INFORMATION_FORMAT = dwarf;
				ENABLE_STRICT_OBJC_MSGSEND = YES;
				ENABLE_TESTABILITY = YES;
				GCC_C_LANGUAGE_STANDARD = gnu11;
				GCC_DYNAMIC_NO_PIC = NO;
				GCC_NO_COMMON_BLOCKS = YES;
				GCC_OPTIMIZATION_LEVEL = 0;
				GCC_PREPROCESSOR_DEFINITIONS = (
					"DEBUG=1",
					"$(inherited)",
				);
				GCC_WARN_64_TO_32_BIT_CONVERSION = YES;
				GCC_WARN_ABOUT_RETURN_TYPE = YES_ERROR;
				GCC_WARN_UNDECLARED_SELECTOR = YES;
				GCC_WARN_UNINITIALIZED_AUTOS = YES_AGGRESSIVE;
				GCC_WARN_UNUSED_FUNCTION = YES;
				GCC_WARN_UNUSED_VARIABLE = YES;
				IPHONEOS_DEPLOYMENT_TARGET = 15.2;
				MTL_ENABLE_DEBUG_INFO = INCLUDE_SOURCE;
				MTL_FAST_MATH = YES;
				ONLY_ACTIVE_ARCH = YES;
				SDKROOT = iphoneos;
				SWIFT_ACTIVE_COMPILATION_CONDITIONS = DEBUG;
				SWIFT_OPTIMIZATION_LEVEL = "-Onone";
			};
			name = Debug;
		};
		714BB00527CE609A00269A80 /* Release */ = {
			isa = XCBuildConfiguration;
			buildSettings = {
				ALWAYS_SEARCH_USER_PATHS = NO;
				CLANG_ANALYZER_NONNULL = YES;
				CLANG_ANALYZER_NUMBER_OBJECT_CONVERSION = YES_AGGRESSIVE;
				CLANG_CXX_LANGUAGE_STANDARD = "gnu++17";
				CLANG_CXX_LIBRARY = "libc++";
				CLANG_ENABLE_MODULES = YES;
				CLANG_ENABLE_OBJC_ARC = YES;
				CLANG_ENABLE_OBJC_WEAK = YES;
				CLANG_WARN_BLOCK_CAPTURE_AUTORELEASING = YES;
				CLANG_WARN_BOOL_CONVERSION = YES;
				CLANG_WARN_COMMA = YES;
				CLANG_WARN_CONSTANT_CONVERSION = YES;
				CLANG_WARN_DEPRECATED_OBJC_IMPLEMENTATIONS = YES;
				CLANG_WARN_DIRECT_OBJC_ISA_USAGE = YES_ERROR;
				CLANG_WARN_DOCUMENTATION_COMMENTS = YES;
				CLANG_WARN_EMPTY_BODY = YES;
				CLANG_WARN_ENUM_CONVERSION = YES;
				CLANG_WARN_INFINITE_RECURSION = YES;
				CLANG_WARN_INT_CONVERSION = YES;
				CLANG_WARN_NON_LITERAL_NULL_CONVERSION = YES;
				CLANG_WARN_OBJC_IMPLICIT_RETAIN_SELF = YES;
				CLANG_WARN_OBJC_LITERAL_CONVERSION = YES;
				CLANG_WARN_OBJC_ROOT_CLASS = YES_ERROR;
				CLANG_WARN_QUOTED_INCLUDE_IN_FRAMEWORK_HEADER = YES;
				CLANG_WARN_RANGE_LOOP_ANALYSIS = YES;
				CLANG_WARN_STRICT_PROTOTYPES = YES;
				CLANG_WARN_SUSPICIOUS_MOVE = YES;
				CLANG_WARN_UNGUARDED_AVAILABILITY = YES_AGGRESSIVE;
				CLANG_WARN_UNREACHABLE_CODE = YES;
				CLANG_WARN__DUPLICATE_METHOD_MATCH = YES;
				COPY_PHASE_STRIP = NO;
				DEBUG_INFORMATION_FORMAT = "dwarf-with-dsym";
				ENABLE_NS_ASSERTIONS = NO;
				ENABLE_STRICT_OBJC_MSGSEND = YES;
				GCC_C_LANGUAGE_STANDARD = gnu11;
				GCC_NO_COMMON_BLOCKS = YES;
				GCC_WARN_64_TO_32_BIT_CONVERSION = YES;
				GCC_WARN_ABOUT_RETURN_TYPE = YES_ERROR;
				GCC_WARN_UNDECLARED_SELECTOR = YES;
				GCC_WARN_UNINITIALIZED_AUTOS = YES_AGGRESSIVE;
				GCC_WARN_UNUSED_FUNCTION = YES;
				GCC_WARN_UNUSED_VARIABLE = YES;
				IPHONEOS_DEPLOYMENT_TARGET = 15.2;
				MTL_ENABLE_DEBUG_INFO = NO;
				MTL_FAST_MATH = YES;
				SDKROOT = iphoneos;
				SWIFT_COMPILATION_MODE = wholemodule;
				SWIFT_OPTIMIZATION_LEVEL = "-O";
				VALIDATE_PRODUCT = YES;
			};
			name = Release;
		};
		714BB00727CE609A00269A80 /* Debug */ = {
			isa = XCBuildConfiguration;
			buildSettings = {
				ASSETCATALOG_COMPILER_APPICON_NAME = AppIcon;
				ASSETCATALOG_COMPILER_GLOBAL_ACCENT_COLOR_NAME = AccentColor;
				CODE_SIGN_STYLE = Automatic;
				CURRENT_PROJECT_VERSION = 1;
				DEVELOPMENT_TEAM = H66RHP5U25;
				GENERATE_INFOPLIST_FILE = YES;
				INFOPLIST_FILE = CryptoRates/Info.plist;
				INFOPLIST_KEY_UIApplicationSupportsIndirectInputEvents = YES;
				INFOPLIST_KEY_UILaunchStoryboardName = LaunchScreen;
				INFOPLIST_KEY_UIMainStoryboardFile = Main;
				INFOPLIST_KEY_UISupportedInterfaceOrientations = UIInterfaceOrientationPortrait;
				INFOPLIST_KEY_UISupportedInterfaceOrientations_iPad = UIInterfaceOrientationPortrait;
				INFOPLIST_KEY_UISupportedInterfaceOrientations_iPhone = UIInterfaceOrientationPortrait;
				LD_RUNPATH_SEARCH_PATHS = (
					"$(inherited)",
					"@executable_path/Frameworks",
				);
				MARKETING_VERSION = 1.0;
				PRODUCT_BUNDLE_IDENTIFIER = com.japaca.CryptoRates;
				PRODUCT_NAME = "$(TARGET_NAME)";
				SWIFT_EMIT_LOC_STRINGS = YES;
				SWIFT_VERSION = 5.0;
				TARGETED_DEVICE_FAMILY = "1,2";
			};
			name = Debug;
		};
		714BB00827CE609A00269A80 /* Release */ = {
			isa = XCBuildConfiguration;
			buildSettings = {
				ASSETCATALOG_COMPILER_APPICON_NAME = AppIcon;
				ASSETCATALOG_COMPILER_GLOBAL_ACCENT_COLOR_NAME = AccentColor;
				CODE_SIGN_STYLE = Automatic;
				CURRENT_PROJECT_VERSION = 1;
				DEVELOPMENT_TEAM = H66RHP5U25;
				GENERATE_INFOPLIST_FILE = YES;
				INFOPLIST_FILE = CryptoRates/Info.plist;
				INFOPLIST_KEY_UIApplicationSupportsIndirectInputEvents = YES;
				INFOPLIST_KEY_UILaunchStoryboardName = LaunchScreen;
				INFOPLIST_KEY_UIMainStoryboardFile = Main;
				INFOPLIST_KEY_UISupportedInterfaceOrientations = UIInterfaceOrientationPortrait;
				INFOPLIST_KEY_UISupportedInterfaceOrientations_iPad = UIInterfaceOrientationPortrait;
				INFOPLIST_KEY_UISupportedInterfaceOrientations_iPhone = UIInterfaceOrientationPortrait;
				LD_RUNPATH_SEARCH_PATHS = (
					"$(inherited)",
					"@executable_path/Frameworks",
				);
				MARKETING_VERSION = 1.0;
				PRODUCT_BUNDLE_IDENTIFIER = com.japaca.CryptoRates;
				PRODUCT_NAME = "$(TARGET_NAME)";
				SWIFT_EMIT_LOC_STRINGS = YES;
				SWIFT_VERSION = 5.0;
				TARGETED_DEVICE_FAMILY = "1,2";
			};
			name = Release;
		};
/* End XCBuildConfiguration section */

/* Begin XCConfigurationList section */
		714BAFED27CE609900269A80 /* Build configuration list for PBXProject "CryptoRates" */ = {
			isa = XCConfigurationList;
			buildConfigurations = (
				714BB00427CE609A00269A80 /* Debug */,
				714BB00527CE609A00269A80 /* Release */,
			);
			defaultConfigurationIsVisible = 0;
			defaultConfigurationName = Release;
		};
		714BB00627CE609A00269A80 /* Build configuration list for PBXNativeTarget "CryptoRates" */ = {
			isa = XCConfigurationList;
			buildConfigurations = (
				714BB00727CE609A00269A80 /* Debug */,
				714BB00827CE609A00269A80 /* Release */,
			);
			defaultConfigurationIsVisible = 0;
			defaultConfigurationName = Release;
		};
/* End XCConfigurationList section */
	};
	rootObject = 714BAFEA27CE609900269A80 /* Project object */;
}
